
Microsoft Visual Studio Solution File, Format Version 12.00
# Visual Studio 2012
Project("{FAE04EC0-301F-11D3-BF4B-00C04F79EFBC}") = "Reversi", "Reversi\Reversi.csproj", "{B13DE8C2-BB5E-4B18-8AED-9523F41AF111}"
EndProject
Project("{FAE04EC0-301F-11D3-BF4B-00C04F79EFBC}") = "ReversiTest", "ReversiTest\ReversiTest.csproj", "{B1EB8E66-50AD-4302-9947-0DFF4F802106}"
EndProject
Global
	GlobalSection(SolutionConfigurationPlatforms) = preSolution
		Debug|Any CPU = Debug|Any CPU
		Release|Any CPU = Release|Any CPU
	EndGlobalSection
	GlobalSection(ProjectConfigurationPlatforms) = postSolution
		{B13DE8C2-BB5E-4B18-8AED-9523F41AF111}.Debug|Any CPU.ActiveCfg = Debug|Any CPU
		{B13DE8C2-BB5E-4B18-8AED-9523F41AF111}.Debug|Any CPU.Build.0 = Debug|Any CPU
		{B13DE8C2-BB5E-4B18-8AED-9523F41AF111}.Release|Any CPU.ActiveCfg = Release|Any CPU
		{B13DE8C2-BB5E-4B18-8AED-9523F41AF111}.Release|Any CPU.Build.0 = Release|Any CPU
		{B1EB8E66-50AD-4302-9947-0DFF4F802106}.Debug|Any CPU.ActiveCfg = Debug|Any CPU
		{B1EB8E66-50AD-4302-9947-0DFF4F802106}.Debug|Any CPU.Build.0 = Debug|Any CPU
		{B1EB8E66-50AD-4302-9947-0DFF4F802106}.Release|Any CPU.ActiveCfg = Release|Any CPU
		{B1EB8E66-50AD-4302-9947-0DFF4F802106}.Release|Any CPU.Build.0 = Release|Any CPU
	EndGlobalSection
EndGlobal
